<?xml version="1.0" encoding="utf-8"?>
<Project ToolsVersion="4.0" xmlns="http://schemas.microsoft.com/developer/msbuild/2003">
  <ItemGroup>
    <Filter Include="소스 파일">
      <UniqueIdentifier>{4FC737F1-C7A5-4376-A066-2A32D752A2FF}</UniqueIdentifier>
      <Extensions>cpp;c;cc;cxx;def;odl;idl;hpj;bat;asm;asmx</Extensions>
    </Filter>
    <Filter Include="헤더 파일">
      <UniqueIdentifier>{93995380-89BD-4b04-88EB-625FBE52EBFB}</UniqueIdentifier>
      <Extensions>h;hpp;hxx;hm;inl;inc;xsd</Extensions>
    </Filter>
    <Filter Include="리소스 파일">
      <UniqueIdentifier>{67DA6AB6-F800-4c08-8B7A-83BB121AAD01}</UniqueIdentifier>
      <Extensions>rc;ico;cur;bmp;dlg;rc2;rct;bin;rgs;gif;jpg;jpeg;jpe;resx;tiff;tif;png;wav;mfcribbon-ms</Extensions>
    </Filter>
  </ItemGroup>
  <ItemGroup>
    <ClInclude Include="CSVData.h">
      <Filter>헤더 파일</Filter>
    </ClInclude>
    <ClInclude Include="CSVdrawarg.h">
      <Filter>헤더 파일</Filter>
    </ClInclude>
    <ClInclude Include="CSVElement.h">
      <Filter>헤더 파일</Filter>
    </ClInclude>
    <ClInclude Include="CSVFile.h">
      <Filter>헤더 파일</Filter>
    </ClInclude>
    <ClInclude Include="CSVFont.h">
      <Filter>헤더 파일</Filter>
    </ClInclude>
    <ClInclude Include="CSVNumber.h">
      <Filter>헤더 파일</Filter>
    </ClInclude>
    <ClInclude Include="CSVOption.h">
      <Filter>헤더 파일</Filter>
    </ClInclude>
    <ClInclude Include="CSVReader.h">
      <Filter>헤더 파일</Filter>
    </ClInclude>
    <ClInclude Include="CSVRenderer.h">
      <Filter>헤더 파일</Filter>
    </ClInclude>
    <ClInclude Include="CSVSelectList.h">
      <Filter>헤더 파일</Filter>
    </ClInclude>
    <ClInclude Include="CSVSettings.h">
      <Filter>헤더 파일</Filter>
    </ClInclude>
    <ClInclude Include="CSVSlider.h">
      <Filter>헤더 파일</Filter>
    </ClInclude>
    <ClInclude Include="CSVText.h">
      <Filter>헤더 파일</Filter>
    </ClInclude>
    <ClInclude Include="CSVTimer.h">
      <Filter>헤더 파일</Filter>
    </ClInclude>
    <ClInclude Include="CSVBargraph.h">
      <Filter>헤더 파일</Filter>
    </ClInclude>
    <ClInclude Include="CSVButton.h">
      <Filter>헤더 파일</Filter>
    </ClInclude>
    <ClInclude Include="CSVConst.h">
      <Filter>헤더 파일</Filter>
    </ClInclude>
    <ClInclude Include="StdAfx.h">
      <Filter>헤더 파일</Filter>
    </ClInclude>
    <ClInclude Include="CSVEventHandler.h">
      <Filter>헤더 파일</Filter>
    </ClInclude>
  </ItemGroup>
  <ItemGroup>
    <ClCompile Include="CSVData.cpp">
      <Filter>소스 파일</Filter>
    </ClCompile>
    <ClCompile Include="CSVElement.cpp">
      <Filter>소스 파일</Filter>
    </ClCompile>
    <ClCompile Include="CSVFile.cpp">
      <Filter>소스 파일</Filter>
    </ClCompile>
    <ClCompile Include="CSVFont.cpp">
      <Filter>소스 파일</Filter>
    </ClCompile>
    <ClCompile Include="CSVNumber.cpp">
      <Filter>소스 파일</Filter>
    </ClCompile>
    <ClCompile Include="CSVOption.cpp">
      <Filter>소스 파일</Filter>
    </ClCompile>
    <ClCompile Include="CSVReader.cpp">
      <Filter>소스 파일</Filter>
    </ClCompile>
    <ClCompile Include="CSVRenderer.cpp">
      <Filter>소스 파일</Filter>
    </ClCompile>
    <ClCompile Include="CSVSelectList.cpp">
      <Filter>소스 파일</Filter>
    </ClCompile>
    <ClCompile Include="CSVSettings.cpp">
      <Filter>소스 파일</Filter>
    </ClCompile>
    <ClCompile Include="CSVSlider.cpp">
      <Filter>소스 파일</Filter>
    </ClCompile>
    <ClCompile Include="CSVText.cpp">
      <Filter>소스 파일</Filter>
    </ClCompile>
    <ClCompile Include="CSVTimer.cpp">
      <Filter>소스 파일</Filter>
    </ClCompile>
    <ClCompile Include="CSVBarGraph.cpp">
      <Filter>소스 파일</Filter>
    </ClCompile>
    <ClCompile Include="CSVButton.cpp">
      <Filter>소스 파일</Filter>
    </ClCompile>
    <ClCompile Include="CSVEventHandler.cpp">
      <Filter>소스 파일</Filter>
    </ClCompile>
  </ItemGroup>
</Project>